
Microsoft Visual Studio Solution File, Format Version 12.00
# Visual Studio Version 17
VisualStudioVersion = 17.1.32210.238
MinimumVisualStudioVersion = 10.0.40219.1
Project("{FAE04EC0-301F-11D3-BF4B-00C04F79EFBC}") = "SmartStrom", "SmartStrom\SmartStrom.csproj", "{DE450FC1-E971-498D-9829-33311FA157F4}"
EndProject
Project("{FAE04EC0-301F-11D3-BF4B-00C04F79EFBC}") = "SmartStromBack", "SmartStromBack\SmartStromBack.csproj", "{327EACCA-5D5D-4A02-ABCB-CC44F50861A8}"
EndProject
Global
	GlobalSection(SolutionConfigurationPlatforms) = preSolution
		Debug|Any CPU = Debug|Any CPU
		Release|Any CPU = Release|Any CPU
	EndGlobalSection
	GlobalSection(ProjectConfigurationPlatforms) = postSolution
		{DE450FC1-E971-498D-9829-33311FA157F4}.Debug|Any CPU.ActiveCfg = Debug|Any CPU
		{DE450FC1-E971-498D-9829-33311FA157F4}.Debug|Any CPU.Build.0 = Debug|Any CPU
		{DE450FC1-E971-498D-9829-33311FA157F4}.Release|Any CPU.ActiveCfg = Release|Any CPU
		{DE450FC1-E971-498D-9829-33311FA157F4}.Release|Any CPU.Build.0 = Release|Any CPU
		{327EACCA-5D5D-4A02-ABCB-CC44F50861A8}.Debug|Any CPU.ActiveCfg = Debug|Any CPU
		{327EACCA-5D5D-4A02-ABCB-CC44F50861A8}.Debug|Any CPU.Build.0 = Debug|Any CPU
		{327EACCA-5D5D-4A02-ABCB-CC44F50861A8}.Release|Any CPU.ActiveCfg = Release|Any CPU
		{327EACCA-5D5D-4A02-ABCB-CC44F50861A8}.Release|Any CPU.Build.0 = Release|Any CPU
	EndGlobalSection
	GlobalSection(SolutionProperties) = preSolution
		HideSolutionNode = FALSE
	EndGlobalSection
	GlobalSection(ExtensibilityGlobals) = postSolution
		SolutionGuid = {D58CF5C4-0BA8-4FFF-828F-2D2C603AFDB5}
	EndGlobalSection
EndGlobal
